
Microsoft Visual Studio Solution File, Format Version 12.00
# Visual Studio Version 16
VisualStudioVersion = 16.0.30204.135
MinimumVisualStudioVersion = 10.0.40219.1
Project("{FAE04EC0-301F-11D3-BF4B-00C04F79EFBC}") = "Checkers", "Checkers.csproj", "{91E000B8-3697-4FE3-8DFD-A69203E74EAE}"
EndProject
Global
	GlobalSection(SolutionConfigurationPlatforms) = preSolution
		Debug|Any CPU = Debug|Any CPU
		Release|Any CPU = Release|Any CPU
	EndGlobalSection
	GlobalSection(ProjectConfigurationPlatforms) = postSolution
		{91E000B8-3697-4FE3-8DFD-A69203E74EAE}.Debug|Any CPU.ActiveCfg = Debug|Any CPU
		{91E000B8-3697-4FE3-8DFD-A69203E74EAE}.Debug|Any CPU.Build.0 = Debug|Any CPU
		{91E000B8-3697-4FE3-8DFD-A69203E74EAE}.Release|Any CPU.ActiveCfg = Release|Any CPU
		{91E000B8-3697-4FE3-8DFD-A69203E74EAE}.Release|Any CPU.Build.0 = Release|Any CPU
	EndGlobalSection
	GlobalSection(SolutionProperties) = preSolution
		HideSolutionNode = FALSE
	EndGlobalSection
	GlobalSection(ExtensibilityGlobals) = postSolution
		SolutionGuid = {1E90BE00-F49F-4A02-B8E5-D5E19E8038F6}
	EndGlobalSection
EndGlobal
